<Solution>
  <Folder Name="/Applications/" />
  <Folder Name="/Applications/Portfolio/">
    <Project Path="Applications/Portfolio/Portfolio.Web/Portfolio.Web.csproj">
      <Build Project="false" />
    </Project>
  </Folder>
  <Folder Name="/Applications/SampleApp/">
    <Project Path="Applications/SampleApp/SampleApp.Mobile/SampleApp.Mobile.csproj">
      <Build Project="false" />
      <Deploy />
    </Project>
  </Folder>
  <Folder Name="/Documentation/">
    <Project Path="Documentation/Documentation.csproj" Id="c7ea5c46-9aa4-4a4d-954c-2e6ea83f072c">
      <Build Project="false" />
    </Project>
  </Folder>
  <Folder Name="/Domains/" />
  <Folder Name="/Domains/Portfolio/">
    <Project Path="Domains/Portfolio/Portfolio.Api/Portfolio.Api.csproj" />
    <Project Path="Domains/Portfolio/Portfolio.Constants/Portfolio.Constants.csproj" Id="2c8dc71f-a3a6-4538-9137-8391f25e4085" />
    <Project Path="Domains/Portfolio/Portfolio.Contracts/Portfolio.Contracts.csproj" />
    <Project Path="Domains/Portfolio/Portfolio.Data/Portfolio.Data.csproj" />
  </Folder>
  <Folder Name="/Shared/">
    <Project Path="Shared/MultiPurposeServer.Shared.Constants/MultiPurposeServer.Shared.Constants.csproj" />
    <Project Path="Shared/MultiPurposeServer.Shared.Contracts/MultiPurposeServer.Shared.Contracts.csproj" Id="48d72ca1-845f-4865-80c2-b19d819280b7" />
    <Project Path="Shared/MultiPurposeServer.Shared.Models/MultiPurposeServer.Shared.Models.csproj" Id="5c19b70d-8bac-44b8-a802-6c5d5867e5b9" />
    <Project Path="Shared/MultiPurposeServer.Shared.Utils/MultiPurposeServer.Shared.Utils.csproj" />
  </Folder>
  <Folder Name="/Solution Items/">
    <File Path=".copilot-decisions.json" />
    <File Path=".gitattributes" />
    <File Path=".gitignore" />
    <File Path="README.md" />
    <File Path="zipme.ps1" />
  </Folder>
  <Folder Name="/Tests/" />
  <Folder Name="/Tests/Portfolio/">
    <Project Path="Tests/Portfolio/Portfolio.Api.Tests/Portfolio.Api.Tests.csproj" />
    <Project Path="Tests/Portfolio/Portfolio.ContractsTests/Portfolio.ContractsTests.csproj" Id="eebc4182-ebc8-4f2b-bf36-6d47fa304100" />
    <Project Path="Tests/Portfolio/Portfolio.DataTests/Portfolio.DataTests.csproj" Id="289740e9-5b3a-4160-bef3-87383484828f" />
  </Folder>
  <Folder Name="/Tests/Shared/">
    <Project Path="Tests/Shared/MultiPurposeServer.Shared.ContractsTests/MultiPurposeServer.Shared.ContractsTests.csproj" Id="aaf5fff0-6df7-44c9-aa39-1d1bda214e2d" />
    <Project Path="Tests/Shared/MultiPurposeServer.Shared.UtilsTests/MultiPurposeServer.Shared.UtilsTests.csproj" Id="e31da589-d8d6-4b49-a95f-23f259d516ef" />
  </Folder>
  <Project Path="MultiPurposeServer/MultiPurposeServer.csproj" />
</Solution>
