<Solution>
  <Folder Name="/Applications/" />
  <Folder Name="/Applications/SampleApp/">
    <Project Path="Applications/SampleApp/SampleApp.Mobile/SampleApp.Mobile.csproj" />
  </Folder>
  <Folder Name="/Domains/" />
  <Folder Name="/Domains/Portfolio/">
    <Project Path="Domains/Portfolio/Portfolio.Api/Portfolio.Api.csproj" />
    <Project Path="Domains/Portfolio/Portfolio.Application/Portfolio.Application.csproj" />
    <Project Path="Domains/Portfolio/Portfolio.Contracts/Portfolio.Contracts.csproj" />
    <Project Path="Domains/Portfolio/Portfolio.Data/Portfolio.Data.csproj" />
  </Folder>
  <Project Path="MultiPurposeServer/MultiPurposeServer.csproj" />
</Solution>
